// !$*UTF8*$!
{
	archiveVersion = 1;
	classes = {
	};
	objectVersion = 55;
	objects = {

/* Begin PBXBuildFile section */
		5F1472C52885AB8A0011F206 /* AppDelegate.swift in Sources */ = {isa = PBXBuildFile; fileRef = 5F1472C42885AB8A0011F206 /* AppDelegate.swift */; };
		5F1472C72885AB8A0011F206 /* SceneDelegate.swift in Sources */ = {isa = PBXBuildFile; fileRef = 5F1472C62885AB8A0011F206 /* SceneDelegate.swift */; };
		5F1472C92885AB8A0011F206 /* ViewController.swift in Sources */ = {isa = PBXBuildFile; fileRef = 5F1472C82885AB8A0011F206 /* ViewController.swift */; };
		5F1472CC2885AB8A0011F206 /* Main.storyboard in Resources */ = {isa = PBXBuildFile; fileRef = 5F1472CA2885AB8A0011F206 /* Main.storyboard */; };
		5F1472CE2885AB8C0011F206 /* Assets.xcassets in Resources */ = {isa = PBXBuildFile; fileRef = 5F1472CD2885AB8C0011F206 /* Assets.xcassets */; };
		5F1472D12885AB8C0011F206 /* LaunchScreen.storyboard in Resources */ = {isa = PBXBuildFile; fileRef = 5F1472CF2885AB8C0011F206 /* LaunchScreen.storyboard */; };
		5F1472DC2885AB8D0011F206 /* DirigiblePreviewTests.swift in Sources */ = {isa = PBXBuildFile; fileRef = 5F1472DB2885AB8D0011F206 /* DirigiblePreviewTests.swift */; };
		5F1472E62885AB8D0011F206 /* DirigiblePreviewUITests.swift in Sources */ = {isa = PBXBuildFile; fileRef = 5F1472E52885AB8D0011F206 /* DirigiblePreviewUITests.swift */; };
		5F1472E82885AB8D0011F206 /* DirigiblePreviewUITestsLaunchTests.swift in Sources */ = {isa = PBXBuildFile; fileRef = 5F1472E72885AB8D0011F206 /* DirigiblePreviewUITestsLaunchTests.swift */; };
/* End PBXBuildFile section */

/* Begin PBXContainerItemProxy section */
		5F1472D82885AB8D0011F206 /* PBXContainerItemProxy */ = {
			isa = PBXContainerItemProxy;
			containerPortal = 5F1472B92885AB8A0011F206 /* Project object */;
			proxyType = 1;
			remoteGlobalIDString = 5F1472C02885AB8A0011F206;
			remoteInfo = DirigiblePreview;
		};
		5F1472E22885AB8D0011F206 /* PBXContainerItemProxy */ = {
			isa = PBXContainerItemProxy;
			containerPortal = 5F1472B92885AB8A0011F206 /* Project object */;
			proxyType = 1;
			remoteGlobalIDString = 5F1472C02885AB8A0011F206;
			remoteInfo = DirigiblePreview;
		};
/* End PBXContainerItemProxy section */

/* Begin PBXFileReference section */
		5F1472C12885AB8A0011F206 /* DirigiblePreview.app */ = {isa = PBXFileReference; explicitFileType = wrapper.application; includeInIndex = 0; path = DirigiblePreview.app; sourceTree = BUILT_PRODUCTS_DIR; };
		5F1472C42885AB8A0011F206 /* AppDelegate.swift */ = {isa = PBXFileReference; lastKnownFileType = sourcecode.swift; path = AppDelegate.swift; sourceTree = "<group>"; };
		5F1472C62885AB8A0011F206 /* SceneDelegate.swift */ = {isa = PBXFileReference; lastKnownFileType = sourcecode.swift; path = SceneDelegate.swift; sourceTree = "<group>"; };
		5F1472C82885AB8A0011F206 /* ViewController.swift */ = {isa = PBXFileReference; lastKnownFileType = sourcecode.swift; path = ViewController.swift; sourceTree = "<group>"; };
		5F1472CB2885AB8A0011F206 /* Base */ = {isa = PBXFileReference; lastKnownFileType = file.storyboard; name = Base; path = Base.lproj/Main.storyboard; sourceTree = "<group>"; };
		5F1472CD2885AB8C0011F206 /* Assets.xcassets */ = {isa = PBXFileReference; lastKnownFileType = folder.assetcatalog; path = Assets.xcassets; sourceTree = "<group>"; };
		5F1472D02885AB8C0011F206 /* Base */ = {isa = PBXFileReference; lastKnownFileType = file.storyboard; name = Base; path = Base.lproj/LaunchScreen.storyboard; sourceTree = "<group>"; };
		5F1472D22885AB8C0011F206 /* Info.plist */ = {isa = PBXFileReference; lastKnownFileType = text.plist.xml; path = Info.plist; sourceTree = "<group>"; };
		5F1472D72885AB8D0011F206 /* DirigiblePreviewTests.xctest */ = {isa = PBXFileReference; explicitFileType = wrapper.cfbundle; includeInIndex = 0; path = DirigiblePreviewTests.xctest; sourceTree = BUILT_PRODUCTS_DIR; };
		5F1472DB2885AB8D0011F206 /* DirigiblePreviewTests.swift */ = {isa = PBXFileReference; lastKnownFileType = sourcecode.swift; path = DirigiblePreviewTests.swift; sourceTree = "<group>"; };
		5F1472E12885AB8D0011F206 /* DirigiblePreviewUITests.xctest */ = {isa = PBXFileReference; explicitFileType = wrapper.cfbundle; includeInIndex = 0; path = DirigiblePreviewUITests.xctest; sourceTree = BUILT_PRODUCTS_DIR; };
		5F1472E52885AB8D0011F206 /* DirigiblePreviewUITests.swift */ = {isa = PBXFileReference; lastKnownFileType = sourcecode.swift; path = DirigiblePreviewUITests.swift; sourceTree = "<group>"; };
		5F1472E72885AB8D0011F206 /* DirigiblePreviewUITestsLaunchTests.swift */ = {isa = PBXFileReference; lastKnownFileType = sourcecode.swift; path = DirigiblePreviewUITestsLaunchTests.swift; sourceTree = "<group>"; };
/* End PBXFileReference section */

/* Begin PBXFrameworksBuildPhase section */
		5F1472BE2885AB8A0011F206 /* Frameworks */ = {
			isa = PBXFrameworksBuildPhase;
			buildActionMask = 2147483647;
			files = (
			);
			runOnlyForDeploymentPostprocessing = 0;
		};
		5F1472D42885AB8D0011F206 /* Frameworks */ = {
			isa = PBXFrameworksBuildPhase;
			buildActionMask = 2147483647;
			files = (
			);
			runOnlyForDeploymentPostprocessing = 0;
		};
		5F1472DE2885AB8D0011F206 /* Frameworks */ = {
			isa = PBXFrameworksBuildPhase;
			buildActionMask = 2147483647;
			files = (
			);
			runOnlyForDeploymentPostprocessing = 0;
		};
/* End PBXFrameworksBuildPhase section */

/* Begin PBXGroup section */
		5F1472B82885AB8A0011F206 = {
			isa = PBXGroup;
			children = (
				5F1472C32885AB8A0011F206 /* DirigiblePreview */,
				5F1472DA2885AB8D0011F206 /* DirigiblePreviewTests */,
				5F1472E42885AB8D0011F206 /* DirigiblePreviewUITests */,
				5F1472C22885AB8A0011F206 /* Products */,
			);
			sourceTree = "<group>";
		};
		5F1472C22885AB8A0011F206 /* Products */ = {
			isa = PBXGroup;
			children = (
				5F1472C12885AB8A0011F206 /* DirigiblePreview.app */,
				5F1472D72885AB8D0011F206 /* DirigiblePreviewTests.xctest */,
				5F1472E12885AB8D0011F206 /* DirigiblePreviewUITests.xctest */,
			);
			name = Products;
			sourceTree = "<group>";
		};
		5F1472C32885AB8A0011F206 /* DirigiblePreview */ = {
			isa = PBXGroup;
			children = (
				5F1472C42885AB8A0011F206 /* AppDelegate.swift */,
				5F1472C62885AB8A0011F206 /* SceneDelegate.swift */,
				5F1472C82885AB8A0011F206 /* ViewController.swift */,
				5F1472CA2885AB8A0011F206 /* Main.storyboard */,
				5F1472CD2885AB8C0011F206 /* Assets.xcassets */,
				5F1472CF2885AB8C0011F206 /* LaunchScreen.storyboard */,
				5F1472D22885AB8C0011F206 /* Info.plist */,
			);
			path = DirigiblePreview;
			sourceTree = "<group>";
		};
		5F1472DA2885AB8D0011F206 /* DirigiblePreviewTests */ = {
			isa = PBXGroup;
			children = (
				5F1472DB2885AB8D0011F206 /* DirigiblePreviewTests.swift */,
			);
			path = DirigiblePreviewTests;
			sourceTree = "<group>";
		};
		5F1472E42885AB8D0011F206 /* DirigiblePreviewUITests */ = {
			isa = PBXGroup;
			children = (
				5F1472E52885AB8D0011F206 /* DirigiblePreviewUITests.swift */,
				5F1472E72885AB8D0011F206 /* DirigiblePreviewUITestsLaunchTests.swift */,
			);
			path = DirigiblePreviewUITests;
			sourceTree = "<group>";
		};
/* End PBXGroup section */

/* Begin PBXNativeTarget section */
		5F1472C02885AB8A0011F206 /* DirigiblePreview */ = {
			isa = PBXNativeTarget;
			buildConfigurationList = 5F1472EB2885AB8D0011F206 /* Build configuration list for PBXNativeTarget "DirigiblePreview" */;
			buildPhases = (
				5F1472BD2885AB8A0011F206 /* Sources */,
				5F1472BE2885AB8A0011F206 /* Frameworks */,
				5F1472BF2885AB8A0011F206 /* Resources */,
			);
			buildRules = (
			);
			dependencies = (
			);
			name = DirigiblePreview;
			productName = DirigiblePreview;
			productReference = 5F1472C12885AB8A0011F206 /* DirigiblePreview.app */;
			productType = "com.apple.product-type.application";
		};
		5F1472D62885AB8D0011F206 /* DirigiblePreviewTests */ = {
			isa = PBXNativeTarget;
			buildConfigurationList = 5F1472EE2885AB8D0011F206 /* Build configuration list for PBXNativeTarget "DirigiblePreviewTests" */;
			buildPhases = (
				5F1472D32885AB8D0011F206 /* Sources */,
				5F1472D42885AB8D0011F206 /* Frameworks */,
				5F1472D52885AB8D0011F206 /* Resources */,
			);
			buildRules = (
			);
			dependencies = (
				5F1472D92885AB8D0011F206 /* PBXTargetDependency */,
			);
			name = DirigiblePreviewTests;
			productName = DirigiblePreviewTests;
			productReference = 5F1472D72885AB8D0011F206 /* DirigiblePreviewTests.xctest */;
			productType = "com.apple.product-type.bundle.unit-test";
		};
		5F1472E02885AB8D0011F206 /* DirigiblePreviewUITests */ = {
			isa = PBXNativeTarget;
			buildConfigurationList = 5F1472F12885AB8D0011F206 /* Build configuration list for PBXNativeTarget "DirigiblePreviewUITests" */;
			buildPhases = (
				5F1472DD2885AB8D0011F206 /* Sources */,
				5F1472DE2885AB8D0011F206 /* Frameworks */,
				5F1472DF2885AB8D0011F206 /* Resources */,
			);
			buildRules = (
			);
			dependencies = (
				5F1472E32885AB8D0011F206 /* PBXTargetDependency */,
			);
			name = DirigiblePreviewUITests;
			productName = DirigiblePreviewUITests;
			productReference = 5F1472E12885AB8D0011F206 /* DirigiblePreviewUITests.xctest */;
			productType = "com.apple.product-type.bundle.ui-testing";
		};
/* End PBXNativeTarget section */

/* Begin PBXProject section */
		5F1472B92885AB8A0011F206 /* Project object */ = {
			isa = PBXProject;
			attributes = {
				BuildIndependentTargetsInParallel = 1;
				LastSwiftUpdateCheck = 1340;
				LastUpgradeCheck = 1340;
				TargetAttributes = {
					5F1472C02885AB8A0011F206 = {
						CreatedOnToolsVersion = 13.4.1;
					};
					5F1472D62885AB8D0011F206 = {
						CreatedOnToolsVersion = 13.4.1;
						TestTargetID = 5F1472C02885AB8A0011F206;
					};
					5F1472E02885AB8D0011F206 = {
						CreatedOnToolsVersion = 13.4.1;
						TestTargetID = 5F1472C02885AB8A0011F206;
					};
				};
			};
			buildConfigurationList = 5F1472BC2885AB8A0011F206 /* Build configuration list for PBXProject "DirigiblePreview" */;
			compatibilityVersion = "Xcode 13.0";
			developmentRegion = en;
			hasScannedForEncodings = 0;
			knownRegions = (
				en,
				Base,
			);
			mainGroup = 5F1472B82885AB8A0011F206;
			productRefGroup = 5F1472C22885AB8A0011F206 /* Products */;
			projectDirPath = "";
			projectRoot = "";
			targets = (
				5F1472C02885AB8A0011F206 /* DirigiblePreview */,
				5F1472D62885AB8D0011F206 /* DirigiblePreviewTests */,
				5F1472E02885AB8D0011F206 /* DirigiblePreviewUITests */,
			);
		};
/* End PBXProject section */

/* Begin PBXResourcesBuildPhase section */
		5F1472BF2885AB8A0011F206 /* Resources */ = {
			isa = PBXResourcesBuildPhase;
			buildActionMask = 2147483647;
			files = (
				5F1472D12885AB8C0011F206 /* LaunchScreen.storyboard in Resources */,
				5F1472CE2885AB8C0011F206 /* Assets.xcassets in Resources */,
				5F1472CC2885AB8A0011F206 /* Main.storyboard in Resources */,
			);
			runOnlyForDeploymentPostprocessing = 0;
		};
		5F1472D52885AB8D0011F206 /* Resources */ = {
			isa = PBXResourcesBuildPhase;
			buildActionMask = 2147483647;
			files = (
			);
			runOnlyForDeploymentPostprocessing = 0;
		};
		5F1472DF2885AB8D0011F206 /* Resources */ = {
			isa = PBXResourcesBuildPhase;
			buildActionMask = 2147483647;
			files = (
			);
			runOnlyForDeploymentPostprocessing = 0;
		};
/* End PBXResourcesBuildPhase section */

/* Begin PBXSourcesBuildPhase section */
		5F1472BD2885AB8A0011F206 /* Sources */ = {
			isa = PBXSourcesBuildPhase;
			buildActionMask = 2147483647;
			files = (
				5F1472C92885AB8A0011F206 /* ViewController.swift in Sources */,
				5F1472C52885AB8A0011F206 /* AppDelegate.swift in Sources */,
				5F1472C72885AB8A0011F206 /* SceneDelegate.swift in Sources */,
			);
			runOnlyForDeploymentPostprocessing = 0;
		};
		5F1472D32885AB8D0011F206 /* Sources */ = {
			isa = PBXSourcesBuildPhase;
			buildActionMask = 2147483647;
			files = (
				5F1472DC2885AB8D0011F206 /* DirigiblePreviewTests.swift in Sources */,
			);
			runOnlyForDeploymentPostprocessing = 0;
		};
		5F1472DD2885AB8D0011F206 /* Sources */ = {
			isa = PBXSourcesBuildPhase;
			buildActionMask = 2147483647;
			files = (
				5F1472E62885AB8D0011F206 /* DirigiblePreviewUITests.swift in Sources */,
				5F1472E82885AB8D0011F206 /* DirigiblePreviewUITestsLaunchTests.swift in Sources */,
			);
			runOnlyForDeploymentPostprocessing = 0;
		};
/* End PBXSourcesBuildPhase section */

/* Begin PBXTargetDependency section */
		5F1472D92885AB8D0011F206 /* PBXTargetDependency */ = {
			isa = PBXTargetDependency;
			target = 5F1472C02885AB8A0011F206 /* DirigiblePreview */;
			targetProxy = 5F1472D82885AB8D0011F206 /* PBXContainerItemProxy */;
		};
		5F1472E32885AB8D0011F206 /* PBXTargetDependency */ = {
			isa = PBXTargetDependency;
			target = 5F1472C02885AB8A0011F206 /* DirigiblePreview */;
			targetProxy = 5F1472E22885AB8D0011F206 /* PBXContainerItemProxy */;
		};
/* End PBXTargetDependency section */

/* Begin PBXVariantGroup section */
		5F1472CA2885AB8A0011F206 /* Main.storyboard */ = {
			isa = PBXVariantGroup;
			children = (
				5F1472CB2885AB8A0011F206 /* Base */,
			);
			name = Main.storyboard;
			sourceTree = "<group>";
		};
		5F1472CF2885AB8C0011F206 /* LaunchScreen.storyboard */ = {
			isa = PBXVariantGroup;
			children = (
				5F1472D02885AB8C0011F206 /* Base */,
			);
			name = LaunchScreen.storyboard;
			sourceTree = "<group>";
		};
/* End PBXVariantGroup section */

/* Begin XCBuildConfiguration section */
		5F1472E92885AB8D0011F206 /* Debug */ = {
			isa = XCBuildConfiguration;
			buildSettings = {
				ALWAYS_SEARCH_USER_PATHS = NO;
				CLANG_ANALYZER_NONNULL = YES;
				CLANG_ANALYZER_NUMBER_OBJECT_CONVERSION = YES_AGGRESSIVE;
				CLANG_CXX_LANGUAGE_STANDARD = "gnu++17";
				CLANG_ENABLE_MODULES = YES;
				CLANG_ENABLE_OBJC_ARC = YES;
				CLANG_ENABLE_OBJC_WEAK = YES;
				CLANG_WARN_BLOCK_CAPTURE_AUTORELEASING = YES;
				CLANG_WARN_BOOL_CONVERSION = YES;
				CLANG_WARN_COMMA = YES;
				CLANG_WARN_CONSTANT_CONVERSION = YES;
				CLANG_WARN_DEPRECATED_OBJC_IMPLEMENTATIONS = YES;
				CLANG_WARN_DIRECT_OBJC_ISA_USAGE = YES_ERROR;
				CLANG_WARN_DOCUMENTATION_COMMENTS = YES;
				CLANG_WARN_EMPTY_BODY = YES;
				CLANG_WARN_ENUM_CONVERSION = YES;
				CLANG_WARN_INFINITE_RECURSION = YES;
				CLANG_WARN_INT_CONVERSION = YES;
				CLANG_WARN_NON_LITERAL_NULL_CONVERSION = YES;
				CLANG_WARN_OBJC_IMPLICIT_RETAIN_SELF = YES;
				CLANG_WARN_OBJC_LITERAL_CONVERSION = YES;
				CLANG_WARN_OBJC_ROOT_CLASS = YES_ERROR;
				CLANG_WARN_QUOTED_INCLUDE_IN_FRAMEWORK_HEADER = YES;
				CLANG_WARN_RANGE_LOOP_ANALYSIS = YES;
				CLANG_WARN_STRICT_PROTOTYPES = YES;
				CLANG_WARN_SUSPICIOUS_MOVE = YES;
				CLANG_WARN_UNGUARDED_AVAILABILITY = YES_AGGRESSIVE;
				CLANG_WARN_UNREACHABLE_CODE = YES;
				CLANG_WARN__DUPLICATE_METHOD_MATCH = YES;
				COPY_PHASE_STRIP = NO;
				DEBUG_INFORMATION_FORMAT = dwarf;
				ENABLE_STRICT_OBJC_MSGSEND = YES;
				ENABLE_TESTABILITY = YES;
				GCC_C_LANGUAGE_STANDARD = gnu11;
				GCC_DYNAMIC_NO_PIC = NO;
				GCC_NO_COMMON_BLOCKS = YES;
				GCC_OPTIMIZATION_LEVEL = 0;
				GCC_PREPROCESSOR_DEFINITIONS = (
					"DEBUG=1",
					"$(inherited)",
				);
				GCC_WARN_64_TO_32_BIT_CONVERSION = YES;
				GCC_WARN_ABOUT_RETURN_TYPE = YES_ERROR;
				GCC_WARN_UNDECLARED_SELECTOR = YES;
				GCC_WARN_UNINITIALIZED_AUTOS = YES_AGGRESSIVE;
				GCC_WARN_UNUSED_FUNCTION = YES;
				GCC_WARN_UNUSED_VARIABLE = YES;
				IPHONEOS_DEPLOYMENT_TARGET = 15.5;
				MTL_ENABLE_DEBUG_INFO = INCLUDE_SOURCE;
				MTL_FAST_MATH = YES;
				ONLY_ACTIVE_ARCH = YES;
				SDKROOT = iphoneos;
				SWIFT_ACTIVE_COMPILATION_CONDITIONS = DEBUG;
				SWIFT_OPTIMIZATION_LEVEL = "-Onone";
			};
			name = Debug;
		};
		5F1472EA2885AB8D0011F206 /* Release */ = {
			isa = XCBuildConfiguration;
			buildSettings = {
				ALWAYS_SEARCH_USER_PATHS = NO;
				CLANG_ANALYZER_NONNULL = YES;
				CLANG_ANALYZER_NUMBER_OBJECT_CONVERSION = YES_AGGRESSIVE;
				CLANG_CXX_LANGUAGE_STANDARD = "gnu++17";
				CLANG_ENABLE_MODULES = YES;
				CLANG_ENABLE_OBJC_ARC = YES;
				CLANG_ENABLE_OBJC_WEAK = YES;
				CLANG_WARN_BLOCK_CAPTURE_AUTORELEASING = YES;
				CLANG_WARN_BOOL_CONVERSION = YES;
				CLANG_WARN_COMMA = YES;
				CLANG_WARN_CONSTANT_CONVERSION = YES;
				CLANG_WARN_DEPRECATED_OBJC_IMPLEMENTATIONS = YES;
				CLANG_WARN_DIRECT_OBJC_ISA_USAGE = YES_ERROR;
				CLANG_WARN_DOCUMENTATION_COMMENTS = YES;
				CLANG_WARN_EMPTY_BODY = YES;
				CLANG_WARN_ENUM_CONVERSION = YES;
				CLANG_WARN_INFINITE_RECURSION = YES;
				CLANG_WARN_INT_CONVERSION = YES;
				CLANG_WARN_NON_LITERAL_NULL_CONVERSION = YES;
				CLANG_WARN_OBJC_IMPLICIT_RETAIN_SELF = YES;
				CLANG_WARN_OBJC_LITERAL_CONVERSION = YES;
				CLANG_WARN_OBJC_ROOT_CLASS = YES_ERROR;
				CLANG_WARN_QUOTED_INCLUDE_IN_FRAMEWORK_HEADER = YES;
				CLANG_WARN_RANGE_LOOP_ANALYSIS = YES;
				CLANG_WARN_STRICT_PROTOTYPES = YES;
				CLANG_WARN_SUSPICIOUS_MOVE = YES;
				CLANG_WARN_UNGUARDED_AVAILABILITY = YES_AGGRESSIVE;
				CLANG_WARN_UNREACHABLE_CODE = YES;
				CLANG_WARN__DUPLICATE_METHOD_MATCH = YES;
				COPY_PHASE_STRIP = NO;
				DEBUG_INFORMATION_FORMAT = "dwarf-with-dsym";
				ENABLE_NS_ASSERTIONS = NO;
				ENABLE_STRICT_OBJC_MSGSEND = YES;
				GCC_C_LANGUAGE_STANDARD = gnu11;
				GCC_NO_COMMON_BLOCKS = YES;
				GCC_WARN_64_TO_32_BIT_CONVERSION = YES;
				GCC_WARN_ABOUT_RETURN_TYPE = YES_ERROR;
				GCC_WARN_UNDECLARED_SELECTOR = YES;
				GCC_WARN_UNINITIALIZED_AUTOS = YES_AGGRESSIVE;
				GCC_WARN_UNUSED_FUNCTION = YES;
				GCC_WARN_UNUSED_VARIABLE = YES;
				IPHONEOS_DEPLOYMENT_TARGET = 15.5;
				MTL_ENABLE_DEBUG_INFO = NO;
				MTL_FAST_MATH = YES;
				SDKROOT = iphoneos;
				SWIFT_COMPILATION_MODE = wholemodule;
				SWIFT_OPTIMIZATION_LEVEL = "-O";
				VALIDATE_PRODUCT = YES;
			};
			name = Release;
		};
		5F1472EC2885AB8D0011F206 /* Debug */ = {
			isa = XCBuildConfiguration;
			buildSettings = {
				ASSETCATALOG_COMPILER_APPICON_NAME = AppIcon;
				ASSETCATALOG_COMPILER_GLOBAL_ACCENT_COLOR_NAME = AccentColor;
				CODE_SIGN_STYLE = Automatic;
				CURRENT_PROJECT_VERSION = 1;
				DEVELOPMENT_TEAM = H6KAAZFWNY;
				GENERATE_INFOPLIST_FILE = YES;
				INFOPLIST_FILE = DirigiblePreview/Info.plist;
				INFOPLIST_KEY_UIApplicationSupportsIndirectInputEvents = YES;
				INFOPLIST_KEY_UILaunchStoryboardName = LaunchScreen;
				INFOPLIST_KEY_UIMainStoryboardFile = Main;
				INFOPLIST_KEY_UISupportedInterfaceOrientations_iPad = "UIInterfaceOrientationPortrait UIInterfaceOrientationPortraitUpsideDown UIInterfaceOrientationLandscapeLeft UIInterfaceOrientationLandscapeRight";
				INFOPLIST_KEY_UISupportedInterfaceOrientations_iPhone = "UIInterfaceOrientationPortrait UIInterfaceOrientationLandscapeLeft UIInterfaceOrientationLandscapeRight";
				LD_RUNPATH_SEARCH_PATHS = (
					"$(inherited)",
					"@executable_path/Frameworks",
				);
				MARKETING_VERSION = 1.0;
				PRODUCT_BUNDLE_IDENTIFIER = org.eclipse.dirigiblepreview.DirigiblePreview;
				PRODUCT_NAME = "$(TARGET_NAME)";
				SWIFT_EMIT_LOC_STRINGS = YES;
				SWIFT_VERSION = 5.0;
				TARGETED_DEVICE_FAMILY = "1,2";
			};
			name = Debug;
		};
		5F1472ED2885AB8D0011F206 /* Release */ = {
			isa = XCBuildConfiguration;
			buildSettings = {
				ASSETCATALOG_COMPILER_APPICON_NAME = AppIcon;
				ASSETCATALOG_COMPILER_GLOBAL_ACCENT_COLOR_NAME = AccentColor;
				CODE_SIGN_STYLE = Automatic;
				CURRENT_PROJECT_VERSION = 1;
				DEVELOPMENT_TEAM = H6KAAZFWNY;
				GENERATE_INFOPLIST_FILE = YES;
				INFOPLIST_FILE = DirigiblePreview/Info.plist;
				INFOPLIST_KEY_UIApplicationSupportsIndirectInputEvents = YES;
				INFOPLIST_KEY_UILaunchStoryboardName = LaunchScreen;
				INFOPLIST_KEY_UIMainStoryboardFile = Main;
				INFOPLIST_KEY_UISupportedInterfaceOrientations_iPad = "UIInterfaceOrientationPortrait UIInterfaceOrientationPortraitUpsideDown UIInterfaceOrientationLandscapeLeft UIInterfaceOrientationLandscapeRight";
				INFOPLIST_KEY_UISupportedInterfaceOrientations_iPhone = "UIInterfaceOrientationPortrait UIInterfaceOrientationLandscapeLeft UIInterfaceOrientationLandscapeRight";
				LD_RUNPATH_SEARCH_PATHS = (
					"$(inherited)",
					"@executable_path/Frameworks",
				);
				MARKETING_VERSION = 1.0;
				PRODUCT_BUNDLE_IDENTIFIER = org.eclipse.dirigiblepreview.DirigiblePreview;
				PRODUCT_NAME = "$(TARGET_NAME)";
				SWIFT_EMIT_LOC_STRINGS = YES;
				SWIFT_VERSION = 5.0;
				TARGETED_DEVICE_FAMILY = "1,2";
			};
			name = Release;
		};
		5F1472EF2885AB8D0011F206 /* Debug */ = {
			isa = XCBuildConfiguration;
			buildSettings = {
				ALWAYS_EMBED_SWIFT_STANDARD_LIBRARIES = YES;
				BUNDLE_LOADER = "$(TEST_HOST)";
				CODE_SIGN_STYLE = Automatic;
				CURRENT_PROJECT_VERSION = 1;
				DEVELOPMENT_TEAM = H6KAAZFWNY;
				GENERATE_INFOPLIST_FILE = YES;
				IPHONEOS_DEPLOYMENT_TARGET = 15.5;
				MARKETING_VERSION = 1.0;
				PRODUCT_BUNDLE_IDENTIFIER = org.eclipse.dirigiblepreview.DirigiblePreviewTests;
				PRODUCT_NAME = "$(TARGET_NAME)";
				SWIFT_EMIT_LOC_STRINGS = NO;
				SWIFT_VERSION = 5.0;
				TARGETED_DEVICE_FAMILY = "1,2";
				TEST_HOST = "$(BUILT_PRODUCTS_DIR)/DirigiblePreview.app/DirigiblePreview";
			};
			name = Debug;
		};
		5F1472F02885AB8D0011F206 /* Release */ = {
			isa = XCBuildConfiguration;
			buildSettings = {
				ALWAYS_EMBED_SWIFT_STANDARD_LIBRARIES = YES;
				BUNDLE_LOADER = "$(TEST_HOST)";
				CODE_SIGN_STYLE = Automatic;
				CURRENT_PROJECT_VERSION = 1;
				DEVELOPMENT_TEAM = H6KAAZFWNY;
				GENERATE_INFOPLIST_FILE = YES;
				IPHONEOS_DEPLOYMENT_TARGET = 15.5;
				MARKETING_VERSION = 1.0;
				PRODUCT_BUNDLE_IDENTIFIER = org.eclipse.dirigiblepreview.DirigiblePreviewTests;
				PRODUCT_NAME = "$(TARGET_NAME)";
				SWIFT_EMIT_LOC_STRINGS = NO;
				SWIFT_VERSION = 5.0;
				TARGETED_DEVICE_FAMILY = "1,2";
				TEST_HOST = "$(BUILT_PRODUCTS_DIR)/DirigiblePreview.app/DirigiblePreview";
			};
			name = Release;
		};
		5F1472F22885AB8D0011F206 /* Debug */ = {
			isa = XCBuildConfiguration;
			buildSettings = {
				ALWAYS_EMBED_SWIFT_STANDARD_LIBRARIES = YES;
				CODE_SIGN_STYLE = Automatic;
				CURRENT_PROJECT_VERSION = 1;
				DEVELOPMENT_TEAM = H6KAAZFWNY;
				GENERATE_INFOPLIST_FILE = YES;
				MARKETING_VERSION = 1.0;
				PRODUCT_BUNDLE_IDENTIFIER = org.eclipse.dirigiblepreview.DirigiblePreviewUITests;
				PRODUCT_NAME = "$(TARGET_NAME)";
				SWIFT_EMIT_LOC_STRINGS = NO;
				SWIFT_VERSION = 5.0;
				TARGETED_DEVICE_FAMILY = "1,2";
				TEST_TARGET_NAME = DirigiblePreview;
			};
			name = Debug;
		};
		5F1472F32885AB8D0011F206 /* Release */ = {
			isa = XCBuildConfiguration;
			buildSettings = {
				ALWAYS_EMBED_SWIFT_STANDARD_LIBRARIES = YES;
				CODE_SIGN_STYLE = Automatic;
				CURRENT_PROJECT_VERSION = 1;
				DEVELOPMENT_TEAM = H6KAAZFWNY;
				GENERATE_INFOPLIST_FILE = YES;
				MARKETING_VERSION = 1.0;
				PRODUCT_BUNDLE_IDENTIFIER = org.eclipse.dirigiblepreview.DirigiblePreviewUITests;
				PRODUCT_NAME = "$(TARGET_NAME)";
				SWIFT_EMIT_LOC_STRINGS = NO;
				SWIFT_VERSION = 5.0;
				TARGETED_DEVICE_FAMILY = "1,2";
				TEST_TARGET_NAME = DirigiblePreview;
			};
			name = Release;
		};
/* End XCBuildConfiguration section */

/* Begin XCConfigurationList section */
		5F1472BC2885AB8A0011F206 /* Build configuration list for PBXProject "DirigiblePreview" */ = {
			isa = XCConfigurationList;
			buildConfigurations = (
				5F1472E92885AB8D0011F206 /* Debug */,
				5F1472EA2885AB8D0011F206 /* Release */,
			);
			defaultConfigurationIsVisible = 0;
			defaultConfigurationName = Release;
		};
		5F1472EB2885AB8D0011F206 /* Build configuration list for PBXNativeTarget "DirigiblePreview" */ = {
			isa = XCConfigurationList;
			buildConfigurations = (
				5F1472EC2885AB8D0011F206 /* Debug */,
				5F1472ED2885AB8D0011F206 /* Release */,
			);
			defaultConfigurationIsVisible = 0;
			defaultConfigurationName = Release;
		};
		5F1472EE2885AB8D0011F206 /* Build configuration list for PBXNativeTarget "DirigiblePreviewTests" */ = {
			isa = XCConfigurationList;
			buildConfigurations = (
				5F1472EF2885AB8D0011F206 /* Debug */,
				5F1472F02885AB8D0011F206 /* Release */,
			);
			defaultConfigurationIsVisible = 0;
			defaultConfigurationName = Release;
		};
		5F1472F12885AB8D0011F206 /* Build configuration list for PBXNativeTarget "DirigiblePreviewUITests" */ = {
			isa = XCConfigurationList;
			buildConfigurations = (
				5F1472F22885AB8D0011F206 /* Debug */,
				5F1472F32885AB8D0011F206 /* Release */,
			);
			defaultConfigurationIsVisible = 0;
			defaultConfigurationName = Release;
		};
/* End XCConfigurationList section */
	};
	rootObject = 5F1472B92885AB8A0011F206 /* Project object */;
}
